{
    "_readme": [
        "This file locks the dependencies of your project to a known state",
        "Read more about it at https://getcomposer.org/doc/01-basic-usage.md#composer-lock-the-lock-file",
        "This file is @generated automatically"
    ],
    "hash": "32cbd692767ebf084a57a2dba6392f7e",
    "content-hash": "7126a08c5e6b407dd558caa68e45fbd4",
    "packages": [
        {
            "name": "cap60552/php-sip2",
            "version": "v1.0.0",
            "source": {
                "type": "git",
                "url": "https://github.com/cap60552/php-sip2.git",
                "reference": "9904f94e857b7d4d4fd494f2d6634dcaf0d6e2c1"
            },
            "dist": {
                "type": "zip",
                "url": "https://api.github.com/repos/cap60552/php-sip2/zipball/9904f94e857b7d4d4fd494f2d6634dcaf0d6e2c1",
                "reference": "9904f94e857b7d4d4fd494f2d6634dcaf0d6e2c1",
                "shasum": ""
            },
            "type": "library",
            "autoload": {
                "classmap": [
                    "/"
                ]
            },
            "notification-url": "https://packagist.org/downloads/",
            "license": [
                "GPL-3.0"
            ],
            "authors": [
                {
                    "name": "John Wohlers",
                    "email": "john@wohlershome.net",
                    "role": "Maintainer"
                }
            ],
            "description": "PHP class library to facilitate communication with Integrated Library System (ILS) servers via 3M's SIP2.",
            "homepage": "https://github.com/cap60552/php-sip2",
            "time": "2015-11-03 04:42:39"
        },
        {
            "name": "html2text/html2text",
            "version": "4.0.1",
            "source": {
                "type": "git",
                "url": "https://github.com/mtibben/html2text.git",
                "reference": "f55104b7c9f99b0937f0e20fe051b19f9c0ecad1"
            },
            "dist": {
                "type": "zip",
                "url": "https://api.github.com/repos/mtibben/html2text/zipball/f55104b7c9f99b0937f0e20fe051b19f9c0ecad1",
                "reference": "f55104b7c9f99b0937f0e20fe051b19f9c0ecad1",
                "shasum": ""
            },
            "require-dev": {
                "phpunit/phpunit": "~4"
            },
            "suggest": {
                "ext-mbstring": "For best performance",
                "symfony/polyfill-mbstring": "If you can't install ext-mbstring"
            },
            "type": "library",
            "autoload": {
                "psr-4": {
                    "Html2Text\\": [
                        "src/",
                        "test/"
                    ]
                }
            },
            "notification-url": "https://packagist.org/downloads/",
            "license": [
                "GPLv2"
            ],
            "description": "Converts HTML to formatted plain text",
            "time": "2016-03-16 23:24:34"
        },
        {
            "name": "phpmailer/phpmailer",
            "version": "v5.2.22",
            "source": {
                "type": "git",
                "url": "https://github.com/PHPMailer/PHPMailer.git",
                "reference": "b18cb98131bd83103ccb26a888fdfe3177b8a663"
            },
            "dist": {
                "type": "zip",
                "url": "https://api.github.com/repos/PHPMailer/PHPMailer/zipball/b18cb98131bd83103ccb26a888fdfe3177b8a663",
                "reference": "b18cb98131bd83103ccb26a888fdfe3177b8a663",
                "shasum": ""
            },
            "require": {
                "php": ">=5.0.0"
            },
            "require-dev": {
                "phpdocumentor/phpdocumentor": "*",
                "phpunit/phpunit": "4.7.*"
            },
            "suggest": {
                "league/oauth2-google": "Needed for Google XOAUTH2 authentication"
            },
            "type": "library",
            "autoload": {
                "classmap": [
                    "class.phpmailer.php",
                    "class.phpmaileroauth.php",
                    "class.phpmaileroauthgoogle.php",
                    "class.smtp.php",
                    "class.pop3.php",
                    "extras/EasyPeasyICS.php",
                    "extras/ntlm_sasl_client.php"
                ]
            },
            "notification-url": "https://packagist.org/downloads/",
            "license": [
                "LGPL-2.1"
            ],
            "authors": [
                {
                    "name": "Jim Jagielski",
                    "email": "jimjag@gmail.com"
                },
                {
                    "name": "Marcus Bointon",
                    "email": "phpmailer@synchromedia.co.uk"
                },
                {
                    "name": "Andy Prevost",
                    "email": "codeworxtech@users.sourceforge.net"
                },
                {
                    "name": "Brent R. Matzelle"
                }
            ],
            "description": "PHPMailer is a full-featured email creation and transfer class for PHP",
            "time": "2017-01-09 09:33:47"
        }
    ],
    "packages-dev": [],
    "aliases": [],
    "minimum-stability": "stable",
    "stability-flags": [],
    "prefer-stable": false,
    "prefer-lowest": false,
    "platform": {
        "php": ">=5.6"
    },
    "platform-dev": []
}
